
Microsoft Visual Studio Solution File, Format Version 12.00
# Visual Studio Version 17
VisualStudioVersion = 17.11.35222.181
MinimumVisualStudioVersion = 10.0.40219.1
Project("{8BC9CEB8-8B4A-11D0-8D11-00A0C91BC942}") = "ConsoleApplication2", "ConsoleApplication2\ConsoleApplication2.vcxproj", "{B2E64DCC-5B56-4C68-8BD5-BB5225ECABB5}"
EndProject
Global
	GlobalSection(SolutionConfigurationPlatforms) = preSolution
		Debug|x64 = Debug|x64
		Debug|x86 = Debug|x86
		Release|x64 = Release|x64
		Release|x86 = Release|x86
	EndGlobalSection
	GlobalSection(ProjectConfigurationPlatforms) = postSolution
		{B2E64DCC-5B56-4C68-8BD5-BB5225ECABB5}.Debug|x64.ActiveCfg = Debug|x64
		{B2E64DCC-5B56-4C68-8BD5-BB5225ECABB5}.Debug|x64.Build.0 = Debug|x64
		{B2E64DCC-5B56-4C68-8BD5-BB5225ECABB5}.Debug|x86.ActiveCfg = Debug|Win32
		{B2E64DCC-5B56-4C68-8BD5-BB5225ECABB5}.Debug|x86.Build.0 = Debug|Win32
		{B2E64DCC-5B56-4C68-8BD5-BB5225ECABB5}.Release|x64.ActiveCfg = Release|x64
		{B2E64DCC-5B56-4C68-8BD5-BB5225ECABB5}.Release|x64.Build.0 = Release|x64
		{B2E64DCC-5B56-4C68-8BD5-BB5225ECABB5}.Release|x86.ActiveCfg = Release|Win32
		{B2E64DCC-5B56-4C68-8BD5-BB5225ECABB5}.Release|x86.Build.0 = Release|Win32
	EndGlobalSection
	GlobalSection(SolutionProperties) = preSolution
		HideSolutionNode = FALSE
	EndGlobalSection
	GlobalSection(ExtensibilityGlobals) = postSolution
		SolutionGuid = {55101560-D208-4015-B626-BA6490C75190}
	EndGlobalSection
EndGlobal
